{
  "name": "AltVClientside",
  "version": "1.0.0",
  "lockfileVersion": 3,
  "requires": true,
  "packages": {
    "": {
      "name": "AltVClientside",
      "version": "1.0.0",
      "license": "MIT",
      "devDependencies": {
        "@altv/types-client": "^2.7.7",
        "@altv/types-natives": "^1.5.4",
        "@altv/types-shared": "^1.5.3",
        "@altv/types-webview": "^1.0.5"
      }
    },
    "node_modules/@altv/types-client": {
      "version": "2.7.7",
      "resolved": "https://registry.npmjs.org/@altv/types-client/-/types-client-2.7.7.tgz",
      "integrity": "sha512-3Cy/0qKhhIFw5scr7xeVCuLBale2W4wvV+6Wgw3E2GHvlwK/4qKFXEiITliaC9knLaG8qd6OFy/LxgUHgKw19Q==",
      "dev": true,
      "peerDependencies": {
        "@altv/types-shared": ">=1.4",
        "@altv/types-worker": ">=1.0"
      }
    },
    "node_modules/@altv/types-natives": {
      "version": "1.5.4",
      "resolved": "https://registry.npmjs.org/@altv/types-natives/-/types-natives-1.5.4.tgz",
      "integrity": "sha512-N4jtJ4f8KFOCi0sxlVvTWF7I7Nz/ylq136sIJMpsHIcBWIlysWF6zdJFdBW5bkquDGWgY8aBYPQ4TU+ayQhukw==",
      "dev": true,
      "peerDependencies": {
        "@altv/types-client": ">=2.5"
      }
    },
    "node_modules/@altv/types-shared": {
      "version": "1.5.3",
      "resolved": "https://registry.npmjs.org/@altv/types-shared/-/types-shared-1.5.3.tgz",
      "integrity": "sha512-3hIb2+8y5wJmLgFryBM3OCNgBsQj4QJIjX6eCAXibmfTHfEdonrqhp24wyYXpjED3GVSwVUW1Uc+3TFew7f0ZQ==",
      "dev": true
    },
    "node_modules/@altv/types-webview": {
      "version": "1.0.5",
      "resolved": "https://registry.npmjs.org/@altv/types-webview/-/types-webview-1.0.5.tgz",
      "integrity": "sha512-g1bYnkLLxhJr6CBq0qFZoJtzs+20nEmHBMftlAGAgEJsyKR5HWf0NUi2mmUS50IpVEsULqgK+hx4uRZpXLmS7A==",
      "dev": true
    },
    "node_modules/@altv/types-worker": {
      "version": "1.0.7",
      "resolved": "https://registry.npmjs.org/@altv/types-worker/-/types-worker-1.0.7.tgz",
      "integrity": "sha512-mImzn79l5w1/T16sZU0F7pI/hehY84tUe0PNu5Q/1S0B2OsINntAFU/RxLIe5XhSepVg0zlF2ZaISZfLcdQlLA==",
      "dev": true,
      "peer": true,
      "peerDependencies": {
        "@altv/types-client": "latest"
      }
    }
  }
}
